// !$*UTF8*$!
{
	archiveVersion = 1;
	classes = {
	};
	objectVersion = 46;
	objects = {

/* Begin PBXBuildFile section */
		8101FC371AE509DF003B9F16 /* main.m in Sources */ = {isa = PBXBuildFile; fileRef = 8101FC361AE509DF003B9F16 /* main.m */; };
		8101FC401AE509DF003B9F16 /* Main.storyboard in Resources */ = {isa = PBXBuildFile; fileRef = 8101FC3E1AE509DF003B9F16 /* Main.storyboard */; };
		8101FC421AE509DF003B9F16 /* Images.xcassets in Resources */ = {isa = PBXBuildFile; fileRef = 8101FC411AE509DF003B9F16 /* Images.xcassets */; };
		8101FC451AE509DF003B9F16 /* LaunchScreen.xib in Resources */ = {isa = PBXBuildFile; fileRef = 8101FC431AE509DF003B9F16 /* LaunchScreen.xib */; };
		8101FC511AE509DF003B9F16 /* MonopolyTests.m in Sources */ = {isa = PBXBuildFile; fileRef = 8101FC501AE509DF003B9F16 /* MonopolyTests.m */; };
		8101FC781AE50C5F003B9F16 /* AppDelegate.m in Sources */ = {isa = PBXBuildFile; fileRef = 8101FC621AE50C5F003B9F16 /* AppDelegate.m */; };
		8101FC791AE50C5F003B9F16 /* background.jpg in Resources */ = {isa = PBXBuildFile; fileRef = 8101FC6B1AE50C5F003B9F16 /* background.jpg */; };
		8101FC7A1AE50C5F003B9F16 /* monopoly-man.jpg in Resources */ = {isa = PBXBuildFile; fileRef = 8101FC6C1AE50C5F003B9F16 /* monopoly-man.jpg */; };
		8101FC7B1AE50C5F003B9F16 /* newboardshrunk.png in Resources */ = {isa = PBXBuildFile; fileRef = 8101FC6D1AE50C5F003B9F16 /* newboardshrunk.png */; };
		8101FC7C1AE50C5F003B9F16 /* bullettrain.png in Resources */ = {isa = PBXBuildFile; fileRef = 8101FC6F1AE50C5F003B9F16 /* bullettrain.png */; };
		8101FC7D1AE50C5F003B9F16 /* car.png in Resources */ = {isa = PBXBuildFile; fileRef = 8101FC701AE50C5F003B9F16 /* car.png */; };
		8101FC7E1AE50C5F003B9F16 /* dog.png in Resources */ = {isa = PBXBuildFile; fileRef = 8101FC711AE50C5F003B9F16 /* dog.png */; };
		8101FC7F1AE50C5F003B9F16 /* hat.png in Resources */ = {isa = PBXBuildFile; fileRef = 8101FC721AE50C5F003B9F16 /* hat.png */; };
		8101FC801AE50C5F003B9F16 /* horse.png in Resources */ = {isa = PBXBuildFile; fileRef = 8101FC731AE50C5F003B9F16 /* horse.png */; };
		8101FC811AE50C5F003B9F16 /* thimble.png in Resources */ = {isa = PBXBuildFile; fileRef = 8101FC741AE50C5F003B9F16 /* thimble.png */; };
		8101FC851AE50EF1003B9F16 /* MNPMenuViewController.m in Sources */ = {isa = PBXBuildFile; fileRef = 8101FC841AE50EF1003B9F16 /* MNPMenuViewController.m */; };
		8101FC891AE51913003B9F16 /* MNPSettingsViewController.m in Sources */ = {isa = PBXBuildFile; fileRef = 8101FC881AE51913003B9F16 /* MNPSettingsViewController.m */; };
		8101FC8D1AE519DB003B9F16 /* MNPAboutUsViewController.m in Sources */ = {isa = PBXBuildFile; fileRef = 8101FC8C1AE519DB003B9F16 /* MNPAboutUsViewController.m */; };
		8105CF491B19EE9700497C34 /* circle_blue.png in Resources */ = {isa = PBXBuildFile; fileRef = 8105CF451B19EE9700497C34 /* circle_blue.png */; };
		8105CF4A1B19EE9700497C34 /* circle_green.png in Resources */ = {isa = PBXBuildFile; fileRef = 8105CF461B19EE9700497C34 /* circle_green.png */; };
		8105CF4B1B19EE9700497C34 /* circle_orange.png in Resources */ = {isa = PBXBuildFile; fileRef = 8105CF471B19EE9700497C34 /* circle_orange.png */; };
		8105CF4C1B19EE9700497C34 /* circle_yellow.png in Resources */ = {isa = PBXBuildFile; fileRef = 8105CF481B19EE9700497C34 /* circle_yellow.png */; };
		8105CF561B1A054E00497C34 /* 1@2x.png in Resources */ = {isa = PBXBuildFile; fileRef = 8105CF4D1B1A054E00497C34 /* 1@2x.png */; };
		8105CF571B1A054E00497C34 /* 2@2x.png in Resources */ = {isa = PBXBuildFile; fileRef = 8105CF4E1B1A054E00497C34 /* 2@2x.png */; };
		8105CF581B1A054E00497C34 /* 3@2x.png in Resources */ = {isa = PBXBuildFile; fileRef = 8105CF4F1B1A054E00497C34 /* 3@2x.png */; };
		8105CF591B1A054E00497C34 /* 4@2x.png in Resources */ = {isa = PBXBuildFile; fileRef = 8105CF501B1A054E00497C34 /* 4@2x.png */; };
		8105CF5A1B1A054E00497C34 /* 5@2x.png in Resources */ = {isa = PBXBuildFile; fileRef = 8105CF511B1A054E00497C34 /* 5@2x.png */; };
		8105CF5B1B1A054E00497C34 /* 6@2x.png in Resources */ = {isa = PBXBuildFile; fileRef = 8105CF521B1A054E00497C34 /* 6@2x.png */; };
		8105CF5C1B1A054E00497C34 /* dong1@2x.png in Resources */ = {isa = PBXBuildFile; fileRef = 8105CF531B1A054E00497C34 /* dong1@2x.png */; };
		8105CF5D1B1A054E00497C34 /* dong2@2x.png in Resources */ = {isa = PBXBuildFile; fileRef = 8105CF541B1A054E00497C34 /* dong2@2x.png */; };
		8105CF5E1B1A054E00497C34 /* dong3@2x.png in Resources */ = {isa = PBXBuildFile; fileRef = 8105CF551B1A054E00497C34 /* dong3@2x.png */; };
		8143669D1AEEEA8300BFD388 /* MNPDataManager.m in Sources */ = {isa = PBXBuildFile; fileRef = 8143669B1AEEEA8300BFD388 /* MNPDataManager.m */; };
		814366A01AEEEA9800BFD388 /* MNPGameManager.m in Sources */ = {isa = PBXBuildFile; fileRef = 8143669F1AEEEA9800BFD388 /* MNPGameManager.m */; };
		814366A41AEEEBC700BFD388 /* MNPGameViewController.m in Sources */ = {isa = PBXBuildFile; fileRef = 814366A31AEEEBC700BFD388 /* MNPGameViewController.m */; };
		814F4C691AFE9F0D00951EA7 /* TPKeyboardAvoidingCollectionView.m in Sources */ = {isa = PBXBuildFile; fileRef = 814F4C621AFE9F0D00951EA7 /* TPKeyboardAvoidingCollectionView.m */; };
		814F4C6A1AFE9F0D00951EA7 /* TPKeyboardAvoidingScrollView.m in Sources */ = {isa = PBXBuildFile; fileRef = 814F4C641AFE9F0D00951EA7 /* TPKeyboardAvoidingScrollView.m */; };
		814F4C6B1AFE9F0D00951EA7 /* TPKeyboardAvoidingTableView.m in Sources */ = {isa = PBXBuildFile; fileRef = 814F4C661AFE9F0D00951EA7 /* TPKeyboardAvoidingTableView.m */; };
		814F4C6C1AFE9F0D00951EA7 /* UIScrollView+TPKeyboardAvoidingAdditions.m in Sources */ = {isa = PBXBuildFile; fileRef = 814F4C681AFE9F0D00951EA7 /* UIScrollView+TPKeyboardAvoidingAdditions.m */; };
		817072ED1AE6D083007AA440 /* MNPPlayer.m in Sources */ = {isa = PBXBuildFile; fileRef = 817072EC1AE6D083007AA440 /* MNPPlayer.m */; };
		817072EF1AE6DF40007AA440 /* monopolyBoard.jpg in Resources */ = {isa = PBXBuildFile; fileRef = 817072EE1AE6DF40007AA440 /* monopolyBoard.jpg */; };
		817072F31AE6E475007AA440 /* MNPDice.m in Sources */ = {isa = PBXBuildFile; fileRef = 817072F21AE6E475007AA440 /* MNPDice.m */; };
		817072FD1AE6F051007AA440 /* MonopolySpaces.plist in Resources */ = {isa = PBXBuildFile; fileRef = 817072FC1AE6F051007AA440 /* MonopolySpaces.plist */; };
		819A79A81AF029C50092594B /* MNPConstants.m in Sources */ = {isa = PBXBuildFile; fileRef = 819A79A71AF029C50092594B /* MNPConstants.m */; };
/* End PBXBuildFile section */

/* Begin PBXContainerItemProxy section */
		8101FC4B1AE509DF003B9F16 /* PBXContainerItemProxy */ = {
			isa = PBXContainerItemProxy;
			containerPortal = 8101FC291AE509DF003B9F16 /* Project object */;
			proxyType = 1;
			remoteGlobalIDString = 8101FC301AE509DF003B9F16;
			remoteInfo = Monopoly;
		};
/* End PBXContainerItemProxy section */

/* Begin PBXFileReference section */
		8101FC311AE509DF003B9F16 /* Monopoly.app */ = {isa = PBXFileReference; explicitFileType = wrapper.application; includeInIndex = 0; path = Monopoly.app; sourceTree = BUILT_PRODUCTS_DIR; };
		8101FC351AE509DF003B9F16 /* Info.plist */ = {isa = PBXFileReference; lastKnownFileType = text.plist.xml; path = Info.plist; sourceTree = "<group>"; };
		8101FC361AE509DF003B9F16 /* main.m */ = {isa = PBXFileReference; lastKnownFileType = sourcecode.c.objc; path = main.m; sourceTree = "<group>"; };
		8101FC3F1AE509DF003B9F16 /* Base */ = {isa = PBXFileReference; lastKnownFileType = file.storyboard; name = Base; path = Base.lproj/Main.storyboard; sourceTree = "<group>"; };
		8101FC411AE509DF003B9F16 /* Images.xcassets */ = {isa = PBXFileReference; lastKnownFileType = folder.assetcatalog; path = Images.xcassets; sourceTree = "<group>"; };
		8101FC441AE509DF003B9F16 /* Base */ = {isa = PBXFileReference; lastKnownFileType = file.xib; name = Base; path = Base.lproj/LaunchScreen.xib; sourceTree = "<group>"; };
		8101FC4A1AE509DF003B9F16 /* MonopolyTests.xctest */ = {isa = PBXFileReference; explicitFileType = wrapper.cfbundle; includeInIndex = 0; path = MonopolyTests.xctest; sourceTree = BUILT_PRODUCTS_DIR; };
		8101FC4F1AE509DF003B9F16 /* Info.plist */ = {isa = PBXFileReference; lastKnownFileType = text.plist.xml; path = Info.plist; sourceTree = "<group>"; };
		8101FC501AE509DF003B9F16 /* MonopolyTests.m */ = {isa = PBXFileReference; lastKnownFileType = sourcecode.c.objc; path = MonopolyTests.m; sourceTree = "<group>"; };
		8101FC611AE50C5F003B9F16 /* AppDelegate.h */ = {isa = PBXFileReference; fileEncoding = 4; lastKnownFileType = sourcecode.c.h; path = AppDelegate.h; sourceTree = "<group>"; };
		8101FC621AE50C5F003B9F16 /* AppDelegate.m */ = {isa = PBXFileReference; fileEncoding = 4; lastKnownFileType = sourcecode.c.objc; path = AppDelegate.m; sourceTree = "<group>"; };
		8101FC6B1AE50C5F003B9F16 /* background.jpg */ = {isa = PBXFileReference; lastKnownFileType = image.jpeg; path = background.jpg; sourceTree = "<group>"; };
		8101FC6C1AE50C5F003B9F16 /* monopoly-man.jpg */ = {isa = PBXFileReference; lastKnownFileType = image.jpeg; path = "monopoly-man.jpg"; sourceTree = "<group>"; };
		8101FC6D1AE50C5F003B9F16 /* newboardshrunk.png */ = {isa = PBXFileReference; lastKnownFileType = image.png; path = newboardshrunk.png; sourceTree = "<group>"; };
		8101FC6F1AE50C5F003B9F16 /* bullettrain.png */ = {isa = PBXFileReference; lastKnownFileType = image.png; path = bullettrain.png; sourceTree = "<group>"; };
		8101FC701AE50C5F003B9F16 /* car.png */ = {isa = PBXFileReference; lastKnownFileType = image.png; path = car.png; sourceTree = "<group>"; };
		8101FC711AE50C5F003B9F16 /* dog.png */ = {isa = PBXFileReference; lastKnownFileType = image.png; path = dog.png; sourceTree = "<group>"; };
		8101FC721AE50C5F003B9F16 /* hat.png */ = {isa = PBXFileReference; lastKnownFileType = image.png; path = hat.png; sourceTree = "<group>"; };
		8101FC731AE50C5F003B9F16 /* horse.png */ = {isa = PBXFileReference; lastKnownFileType = image.png; path = horse.png; sourceTree = "<group>"; };
		8101FC741AE50C5F003B9F16 /* thimble.png */ = {isa = PBXFileReference; lastKnownFileType = image.png; path = thimble.png; sourceTree = "<group>"; };
		8101FC831AE50EF1003B9F16 /* MNPMenuViewController.h */ = {isa = PBXFileReference; fileEncoding = 4; lastKnownFileType = sourcecode.c.h; path = MNPMenuViewController.h; sourceTree = "<group>"; };
		8101FC841AE50EF1003B9F16 /* MNPMenuViewController.m */ = {isa = PBXFileReference; fileEncoding = 4; lastKnownFileType = sourcecode.c.objc; path = MNPMenuViewController.m; sourceTree = "<group>"; };
		8101FC871AE51913003B9F16 /* MNPSettingsViewController.h */ = {isa = PBXFileReference; fileEncoding = 4; lastKnownFileType = sourcecode.c.h; path = MNPSettingsViewController.h; sourceTree = "<group>"; };
		8101FC881AE51913003B9F16 /* MNPSettingsViewController.m */ = {isa = PBXFileReference; fileEncoding = 4; indentWidth = 2; lastKnownFileType = sourcecode.c.objc; path = MNPSettingsViewController.m; sourceTree = "<group>"; tabWidth = 2; };
		8101FC8B1AE519DB003B9F16 /* MNPAboutUsViewController.h */ = {isa = PBXFileReference; fileEncoding = 4; lastKnownFileType = sourcecode.c.h; path = MNPAboutUsViewController.h; sourceTree = "<group>"; };
		8101FC8C1AE519DB003B9F16 /* MNPAboutUsViewController.m */ = {isa = PBXFileReference; fileEncoding = 4; lastKnownFileType = sourcecode.c.objc; path = MNPAboutUsViewController.m; sourceTree = "<group>"; };
		8105CF451B19EE9700497C34 /* circle_blue.png */ = {isa = PBXFileReference; lastKnownFileType = image.png; path = circle_blue.png; sourceTree = "<group>"; };
		8105CF461B19EE9700497C34 /* circle_green.png */ = {isa = PBXFileReference; lastKnownFileType = image.png; path = circle_green.png; sourceTree = "<group>"; };
		8105CF471B19EE9700497C34 /* circle_orange.png */ = {isa = PBXFileReference; lastKnownFileType = image.png; path = circle_orange.png; sourceTree = "<group>"; };
		8105CF481B19EE9700497C34 /* circle_yellow.png */ = {isa = PBXFileReference; lastKnownFileType = image.png; path = circle_yellow.png; sourceTree = "<group>"; };
		8105CF4D1B1A054E00497C34 /* 1@2x.png */ = {isa = PBXFileReference; lastKnownFileType = image.png; path = "1@2x.png"; sourceTree = "<group>"; };
		8105CF4E1B1A054E00497C34 /* 2@2x.png */ = {isa = PBXFileReference; lastKnownFileType = image.png; path = "2@2x.png"; sourceTree = "<group>"; };
		8105CF4F1B1A054E00497C34 /* 3@2x.png */ = {isa = PBXFileReference; lastKnownFileType = image.png; path = "3@2x.png"; sourceTree = "<group>"; };
		8105CF501B1A054E00497C34 /* 4@2x.png */ = {isa = PBXFileReference; lastKnownFileType = image.png; path = "4@2x.png"; sourceTree = "<group>"; };
		8105CF511B1A054E00497C34 /* 5@2x.png */ = {isa = PBXFileReference; lastKnownFileType = image.png; path = "5@2x.png"; sourceTree = "<group>"; };
		8105CF521B1A054E00497C34 /* 6@2x.png */ = {isa = PBXFileReference; lastKnownFileType = image.png; path = "6@2x.png"; sourceTree = "<group>"; };
		8105CF531B1A054E00497C34 /* dong1@2x.png */ = {isa = PBXFileReference; lastKnownFileType = image.png; path = "dong1@2x.png"; sourceTree = "<group>"; };
		8105CF541B1A054E00497C34 /* dong2@2x.png */ = {isa = PBXFileReference; lastKnownFileType = image.png; path = "dong2@2x.png"; sourceTree = "<group>"; };
		8105CF551B1A054E00497C34 /* dong3@2x.png */ = {isa = PBXFileReference; lastKnownFileType = image.png; path = "dong3@2x.png"; sourceTree = "<group>"; };
		8143669A1AEEEA8300BFD388 /* MNPDataManager.h */ = {isa = PBXFileReference; fileEncoding = 4; lastKnownFileType = sourcecode.c.h; path = MNPDataManager.h; sourceTree = "<group>"; };
		8143669B1AEEEA8300BFD388 /* MNPDataManager.m */ = {isa = PBXFileReference; fileEncoding = 4; lastKnownFileType = sourcecode.c.objc; path = MNPDataManager.m; sourceTree = "<group>"; };
		8143669E1AEEEA9800BFD388 /* MNPGameManager.h */ = {isa = PBXFileReference; fileEncoding = 4; lastKnownFileType = sourcecode.c.h; path = MNPGameManager.h; sourceTree = "<group>"; };
		8143669F1AEEEA9800BFD388 /* MNPGameManager.m */ = {isa = PBXFileReference; fileEncoding = 4; indentWidth = 2; lastKnownFileType = sourcecode.c.objc; path = MNPGameManager.m; sourceTree = "<group>"; tabWidth = 2; };
		814366A21AEEEBC700BFD388 /* MNPGameViewController.h */ = {isa = PBXFileReference; fileEncoding = 4; lastKnownFileType = sourcecode.c.h; path = MNPGameViewController.h; sourceTree = "<group>"; };
		814366A31AEEEBC700BFD388 /* MNPGameViewController.m */ = {isa = PBXFileReference; fileEncoding = 4; indentWidth = 2; lastKnownFileType = sourcecode.c.objc; path = MNPGameViewController.m; sourceTree = "<group>"; tabWidth = 2; };
		814F4C611AFE9F0D00951EA7 /* TPKeyboardAvoidingCollectionView.h */ = {isa = PBXFileReference; fileEncoding = 4; lastKnownFileType = sourcecode.c.h; path = TPKeyboardAvoidingCollectionView.h; sourceTree = "<group>"; };
		814F4C621AFE9F0D00951EA7 /* TPKeyboardAvoidingCollectionView.m */ = {isa = PBXFileReference; fileEncoding = 4; lastKnownFileType = sourcecode.c.objc; path = TPKeyboardAvoidingCollectionView.m; sourceTree = "<group>"; };
		814F4C631AFE9F0D00951EA7 /* TPKeyboardAvoidingScrollView.h */ = {isa = PBXFileReference; fileEncoding = 4; lastKnownFileType = sourcecode.c.h; path = TPKeyboardAvoidingScrollView.h; sourceTree = "<group>"; };
		814F4C641AFE9F0D00951EA7 /* TPKeyboardAvoidingScrollView.m */ = {isa = PBXFileReference; fileEncoding = 4; lastKnownFileType = sourcecode.c.objc; path = TPKeyboardAvoidingScrollView.m; sourceTree = "<group>"; };
		814F4C651AFE9F0D00951EA7 /* TPKeyboardAvoidingTableView.h */ = {isa = PBXFileReference; fileEncoding = 4; lastKnownFileType = sourcecode.c.h; path = TPKeyboardAvoidingTableView.h; sourceTree = "<group>"; };
		814F4C661AFE9F0D00951EA7 /* TPKeyboardAvoidingTableView.m */ = {isa = PBXFileReference; fileEncoding = 4; lastKnownFileType = sourcecode.c.objc; path = TPKeyboardAvoidingTableView.m; sourceTree = "<group>"; };
		814F4C671AFE9F0D00951EA7 /* UIScrollView+TPKeyboardAvoidingAdditions.h */ = {isa = PBXFileReference; fileEncoding = 4; lastKnownFileType = sourcecode.c.h; path = "UIScrollView+TPKeyboardAvoidingAdditions.h"; sourceTree = "<group>"; };
		814F4C681AFE9F0D00951EA7 /* UIScrollView+TPKeyboardAvoidingAdditions.m */ = {isa = PBXFileReference; fileEncoding = 4; lastKnownFileType = sourcecode.c.objc; path = "UIScrollView+TPKeyboardAvoidingAdditions.m"; sourceTree = "<group>"; };
		817072EB1AE6D083007AA440 /* MNPPlayer.h */ = {isa = PBXFileReference; fileEncoding = 4; lastKnownFileType = sourcecode.c.h; path = MNPPlayer.h; sourceTree = "<group>"; };
		817072EC1AE6D083007AA440 /* MNPPlayer.m */ = {isa = PBXFileReference; fileEncoding = 4; indentWidth = 2; lastKnownFileType = sourcecode.c.objc; path = MNPPlayer.m; sourceTree = "<group>"; tabWidth = 2; };
		817072EE1AE6DF40007AA440 /* monopolyBoard.jpg */ = {isa = PBXFileReference; lastKnownFileType = image.jpeg; path = monopolyBoard.jpg; sourceTree = "<group>"; };
		817072F11AE6E475007AA440 /* MNPDice.h */ = {isa = PBXFileReference; fileEncoding = 4; lastKnownFileType = sourcecode.c.h; path = MNPDice.h; sourceTree = "<group>"; };
		817072F21AE6E475007AA440 /* MNPDice.m */ = {isa = PBXFileReference; fileEncoding = 4; lastKnownFileType = sourcecode.c.objc; path = MNPDice.m; sourceTree = "<group>"; };
		817072FC1AE6F051007AA440 /* MonopolySpaces.plist */ = {isa = PBXFileReference; fileEncoding = 4; lastKnownFileType = text.plist.xml; path = MonopolySpaces.plist; sourceTree = "<group>"; };
		819A79A61AF029C50092594B /* MNPConstants.h */ = {isa = PBXFileReference; fileEncoding = 4; lastKnownFileType = sourcecode.c.h; path = MNPConstants.h; sourceTree = "<group>"; };
		819A79A71AF029C50092594B /* MNPConstants.m */ = {isa = PBXFileReference; fileEncoding = 4; lastKnownFileType = sourcecode.c.objc; path = MNPConstants.m; sourceTree = "<group>"; };
/* End PBXFileReference section */

/* Begin PBXFrameworksBuildPhase section */
		8101FC2E1AE509DF003B9F16 /* Frameworks */ = {
			isa = PBXFrameworksBuildPhase;
			buildActionMask = 2147483647;
			files = (
			);
			runOnlyForDeploymentPostprocessing = 0;
		};
		8101FC471AE509DF003B9F16 /* Frameworks */ = {
			isa = PBXFrameworksBuildPhase;
			buildActionMask = 2147483647;
			files = (
			);
			runOnlyForDeploymentPostprocessing = 0;
		};
/* End PBXFrameworksBuildPhase section */

/* Begin PBXGroup section */
		8101FC281AE509DF003B9F16 = {
			isa = PBXGroup;
			children = (
				8101FC331AE509DF003B9F16 /* Monopoly */,
				8101FC4D1AE509DF003B9F16 /* MonopolyTests */,
				8101FC321AE509DF003B9F16 /* Products */,
			);
			sourceTree = "<group>";
		};
		8101FC321AE509DF003B9F16 /* Products */ = {
			isa = PBXGroup;
			children = (
				8101FC311AE509DF003B9F16 /* Monopoly.app */,
				8101FC4A1AE509DF003B9F16 /* MonopolyTests.xctest */,
			);
			name = Products;
			sourceTree = "<group>";
		};
		8101FC331AE509DF003B9F16 /* Monopoly */ = {
			isa = PBXGroup;
			children = (
				8101FC3E1AE509DF003B9F16 /* Main.storyboard */,
				8101FC601AE50C5F003B9F16 /* Application */,
				8101FC631AE50C5F003B9F16 /* Core */,
				8101FC641AE50C5F003B9F16 /* MVC */,
				8101FC681AE50C5F003B9F16 /* Resources */,
				8101FC751AE50C5F003B9F16 /* Support */,
				8101FC411AE509DF003B9F16 /* Images.xcassets */,
				8101FC431AE509DF003B9F16 /* LaunchScreen.xib */,
				8101FC341AE509DF003B9F16 /* Supporting Files */,
			);
			path = Monopoly;
			sourceTree = "<group>";
		};
		8101FC341AE509DF003B9F16 /* Supporting Files */ = {
			isa = PBXGroup;
			children = (
				8101FC351AE509DF003B9F16 /* Info.plist */,
				8101FC361AE509DF003B9F16 /* main.m */,
			);
			name = "Supporting Files";
			sourceTree = "<group>";
		};
		8101FC4D1AE509DF003B9F16 /* MonopolyTests */ = {
			isa = PBXGroup;
			children = (
				8101FC501AE509DF003B9F16 /* MonopolyTests.m */,
				8101FC4E1AE509DF003B9F16 /* Supporting Files */,
			);
			path = MonopolyTests;
			sourceTree = "<group>";
		};
		8101FC4E1AE509DF003B9F16 /* Supporting Files */ = {
			isa = PBXGroup;
			children = (
				8101FC4F1AE509DF003B9F16 /* Info.plist */,
			);
			name = "Supporting Files";
			sourceTree = "<group>";
		};
		8101FC601AE50C5F003B9F16 /* Application */ = {
			isa = PBXGroup;
			children = (
				8101FC611AE50C5F003B9F16 /* AppDelegate.h */,
				8101FC621AE50C5F003B9F16 /* AppDelegate.m */,
			);
			path = Application;
			sourceTree = "<group>";
		};
		8101FC631AE50C5F003B9F16 /* Core */ = {
			isa = PBXGroup;
			children = (
				814366991AEEEA8300BFD388 /* Data Manager */,
				8143669C1AEEEA8300BFD388 /* Game Manager */,
			);
			path = Core;
			sourceTree = "<group>";
		};
		8101FC641AE50C5F003B9F16 /* MVC */ = {
			isa = PBXGroup;
			children = (
				8101FC661AE50C5F003B9F16 /* Model */,
				8101FC671AE50C5F003B9F16 /* View */,
				8101FC651AE50C5F003B9F16 /* Controllers */,
			);
			path = MVC;
			sourceTree = "<group>";
		};
		8101FC651AE50C5F003B9F16 /* Controllers */ = {
			isa = PBXGroup;
			children = (
				814366A11AEEEBB400BFD388 /* Game View Controller */,
				8101FC8A1AE519CB003B9F16 /* AboutUs View Controller */,
				8101FC861AE518EB003B9F16 /* Settings View Controller */,
				8101FC821AE50ED3003B9F16 /* Menu View Controller */,
			);
			path = Controllers;
			sourceTree = "<group>";
		};
		8101FC661AE50C5F003B9F16 /* Model */ = {
			isa = PBXGroup;
			children = (
				817072F01AE6E463007AA440 /* Dice */,
				817072EA1AE6D068007AA440 /* Player */,
			);
			path = Model;
			sourceTree = "<group>";
		};
		8101FC671AE50C5F003B9F16 /* View */ = {
			isa = PBXGroup;
			children = (
			);
			path = View;
			sourceTree = "<group>";
		};
		8101FC681AE50C5F003B9F16 /* Resources */ = {
			isa = PBXGroup;
			children = (
				817072FC1AE6F051007AA440 /* MonopolySpaces.plist */,
				8101FC691AE50C5F003B9F16 /* Images */,
			);
			path = Resources;
			sourceTree = "<group>";
		};
		8101FC691AE50C5F003B9F16 /* Images */ = {
			isa = PBXGroup;
			children = (
				8105CF4D1B1A054E00497C34 /* 1@2x.png */,
				8105CF4E1B1A054E00497C34 /* 2@2x.png */,
				8105CF4F1B1A054E00497C34 /* 3@2x.png */,
				8105CF501B1A054E00497C34 /* 4@2x.png */,
				8105CF511B1A054E00497C34 /* 5@2x.png */,
				8105CF521B1A054E00497C34 /* 6@2x.png */,
				8105CF531B1A054E00497C34 /* dong1@2x.png */,
				8105CF541B1A054E00497C34 /* dong2@2x.png */,
				8105CF551B1A054E00497C34 /* dong3@2x.png */,
				8101FC6A1AE50C5F003B9F16 /* Background image */,
				8101FC6E1AE50C5F003B9F16 /* Game Play Icons */,
			);
			path = Images;
			sourceTree = "<group>";
		};
		8101FC6A1AE50C5F003B9F16 /* Background image */ = {
			isa = PBXGroup;
			children = (
				8101FC6B1AE50C5F003B9F16 /* background.jpg */,
				817072EE1AE6DF40007AA440 /* monopolyBoard.jpg */,
				8101FC6C1AE50C5F003B9F16 /* monopoly-man.jpg */,
				8101FC6D1AE50C5F003B9F16 /* newboardshrunk.png */,
			);
			path = "Background image";
			sourceTree = "<group>";
		};
		8101FC6E1AE50C5F003B9F16 /* Game Play Icons */ = {
			isa = PBXGroup;
			children = (
				8105CF451B19EE9700497C34 /* circle_blue.png */,
				8105CF461B19EE9700497C34 /* circle_green.png */,
				8105CF471B19EE9700497C34 /* circle_orange.png */,
				8105CF481B19EE9700497C34 /* circle_yellow.png */,
				8101FC6F1AE50C5F003B9F16 /* bullettrain.png */,
				8101FC701AE50C5F003B9F16 /* car.png */,
				8101FC711AE50C5F003B9F16 /* dog.png */,
				8101FC721AE50C5F003B9F16 /* hat.png */,
				8101FC731AE50C5F003B9F16 /* horse.png */,
				8101FC741AE50C5F003B9F16 /* thimble.png */,
			);
			path = "Game Play Icons";
			sourceTree = "<group>";
		};
		8101FC751AE50C5F003B9F16 /* Support */ = {
			isa = PBXGroup;
			children = (
				819A79A51AF029B00092594B /* Constants */,
				8101FC761AE50C5F003B9F16 /* Categories */,
				8101FC771AE50C5F003B9F16 /* Libraries */,
			);
			path = Support;
			sourceTree = "<group>";
		};
		8101FC761AE50C5F003B9F16 /* Categories */ = {
			isa = PBXGroup;
			children = (
			);
			path = Categories;
			sourceTree = "<group>";
		};
		8101FC771AE50C5F003B9F16 /* Libraries */ = {
			isa = PBXGroup;
			children = (
				814F4C601AFE9F0D00951EA7 /* TPKeyboardAvoiding */,
			);
			path = Libraries;
			sourceTree = "<group>";
		};
		8101FC821AE50ED3003B9F16 /* Menu View Controller */ = {
			isa = PBXGroup;
			children = (
				8101FC831AE50EF1003B9F16 /* MNPMenuViewController.h */,
				8101FC841AE50EF1003B9F16 /* MNPMenuViewController.m */,
			);
			path = "Menu View Controller";
			sourceTree = "<group>";
		};
		8101FC861AE518EB003B9F16 /* Settings View Controller */ = {
			isa = PBXGroup;
			children = (
				8101FC871AE51913003B9F16 /* MNPSettingsViewController.h */,
				8101FC881AE51913003B9F16 /* MNPSettingsViewController.m */,
			);
			path = "Settings View Controller";
			sourceTree = "<group>";
		};
		8101FC8A1AE519CB003B9F16 /* AboutUs View Controller */ = {
			isa = PBXGroup;
			children = (
				8101FC8B1AE519DB003B9F16 /* MNPAboutUsViewController.h */,
				8101FC8C1AE519DB003B9F16 /* MNPAboutUsViewController.m */,
			);
			path = "AboutUs View Controller";
			sourceTree = "<group>";
		};
		814366991AEEEA8300BFD388 /* Data Manager */ = {
			isa = PBXGroup;
			children = (
				8143669A1AEEEA8300BFD388 /* MNPDataManager.h */,
				8143669B1AEEEA8300BFD388 /* MNPDataManager.m */,
			);
			path = "Data Manager";
			sourceTree = "<group>";
		};
		8143669C1AEEEA8300BFD388 /* Game Manager */ = {
			isa = PBXGroup;
			children = (
				8143669E1AEEEA9800BFD388 /* MNPGameManager.h */,
				8143669F1AEEEA9800BFD388 /* MNPGameManager.m */,
			);
			path = "Game Manager";
			sourceTree = "<group>";
		};
		814366A11AEEEBB400BFD388 /* Game View Controller */ = {
			isa = PBXGroup;
			children = (
				814366A21AEEEBC700BFD388 /* MNPGameViewController.h */,
				814366A31AEEEBC700BFD388 /* MNPGameViewController.m */,
			);
			path = "Game View Controller";
			sourceTree = "<group>";
		};
		814F4C601AFE9F0D00951EA7 /* TPKeyboardAvoiding */ = {
			isa = PBXGroup;
			children = (
				814F4C611AFE9F0D00951EA7 /* TPKeyboardAvoidingCollectionView.h */,
				814F4C621AFE9F0D00951EA7 /* TPKeyboardAvoidingCollectionView.m */,
				814F4C631AFE9F0D00951EA7 /* TPKeyboardAvoidingScrollView.h */,
				814F4C641AFE9F0D00951EA7 /* TPKeyboardAvoidingScrollView.m */,
				814F4C651AFE9F0D00951EA7 /* TPKeyboardAvoidingTableView.h */,
				814F4C661AFE9F0D00951EA7 /* TPKeyboardAvoidingTableView.m */,
				814F4C671AFE9F0D00951EA7 /* UIScrollView+TPKeyboardAvoidingAdditions.h */,
				814F4C681AFE9F0D00951EA7 /* UIScrollView+TPKeyboardAvoidingAdditions.m */,
			);
			path = TPKeyboardAvoiding;
			sourceTree = "<group>";
		};
		817072EA1AE6D068007AA440 /* Player */ = {
			isa = PBXGroup;
			children = (
				817072EB1AE6D083007AA440 /* MNPPlayer.h */,
				817072EC1AE6D083007AA440 /* MNPPlayer.m */,
			);
			path = Player;
			sourceTree = "<group>";
		};
		817072F01AE6E463007AA440 /* Dice */ = {
			isa = PBXGroup;
			children = (
				817072F11AE6E475007AA440 /* MNPDice.h */,
				817072F21AE6E475007AA440 /* MNPDice.m */,
			);
			path = Dice;
			sourceTree = "<group>";
		};
		819A79A51AF029B00092594B /* Constants */ = {
			isa = PBXGroup;
			children = (
				819A79A61AF029C50092594B /* MNPConstants.h */,
				819A79A71AF029C50092594B /* MNPConstants.m */,
			);
			path = Constants;
			sourceTree = "<group>";
		};
/* End PBXGroup section */

/* Begin PBXNativeTarget section */
		8101FC301AE509DF003B9F16 /* Monopoly */ = {
			isa = PBXNativeTarget;
			buildConfigurationList = 8101FC541AE509DF003B9F16 /* Build configuration list for PBXNativeTarget "Monopoly" */;
			buildPhases = (
				8101FC2D1AE509DF003B9F16 /* Sources */,
				8101FC2E1AE509DF003B9F16 /* Frameworks */,
				8101FC2F1AE509DF003B9F16 /* Resources */,
			);
			buildRules = (
			);
			dependencies = (
			);
			name = Monopoly;
			productName = Monopoly;
			productReference = 8101FC311AE509DF003B9F16 /* Monopoly.app */;
			productType = "com.apple.product-type.application";
		};
		8101FC491AE509DF003B9F16 /* MonopolyTests */ = {
			isa = PBXNativeTarget;
			buildConfigurationList = 8101FC571AE509DF003B9F16 /* Build configuration list for PBXNativeTarget "MonopolyTests" */;
			buildPhases = (
				8101FC461AE509DF003B9F16 /* Sources */,
				8101FC471AE509DF003B9F16 /* Frameworks */,
				8101FC481AE509DF003B9F16 /* Resources */,
			);
			buildRules = (
			);
			dependencies = (
				8101FC4C1AE509DF003B9F16 /* PBXTargetDependency */,
			);
			name = MonopolyTests;
			productName = MonopolyTests;
			productReference = 8101FC4A1AE509DF003B9F16 /* MonopolyTests.xctest */;
			productType = "com.apple.product-type.bundle.unit-test";
		};
/* End PBXNativeTarget section */

/* Begin PBXProject section */
		8101FC291AE509DF003B9F16 /* Project object */ = {
			isa = PBXProject;
			attributes = {
				LastUpgradeCheck = 0630;
				ORGANIZATIONNAME = raukutsCorporation;
				TargetAttributes = {
					8101FC301AE509DF003B9F16 = {
						CreatedOnToolsVersion = 6.3;
					};
					8101FC491AE509DF003B9F16 = {
						CreatedOnToolsVersion = 6.3;
						TestTargetID = 8101FC301AE509DF003B9F16;
					};
				};
			};
			buildConfigurationList = 8101FC2C1AE509DF003B9F16 /* Build configuration list for PBXProject "Monopoly" */;
			compatibilityVersion = "Xcode 3.2";
			developmentRegion = English;
			hasScannedForEncodings = 0;
			knownRegions = (
				en,
				Base,
			);
			mainGroup = 8101FC281AE509DF003B9F16;
			productRefGroup = 8101FC321AE509DF003B9F16 /* Products */;
			projectDirPath = "";
			projectRoot = "";
			targets = (
				8101FC301AE509DF003B9F16 /* Monopoly */,
				8101FC491AE509DF003B9F16 /* MonopolyTests */,
			);
		};
/* End PBXProject section */

/* Begin PBXResourcesBuildPhase section */
		8101FC2F1AE509DF003B9F16 /* Resources */ = {
			isa = PBXResourcesBuildPhase;
			buildActionMask = 2147483647;
			files = (
				8101FC7D1AE50C5F003B9F16 /* car.png in Resources */,
				8101FC7B1AE50C5F003B9F16 /* newboardshrunk.png in Resources */,
				8101FC401AE509DF003B9F16 /* Main.storyboard in Resources */,
				8105CF5B1B1A054E00497C34 /* 6@2x.png in Resources */,
				8101FC7E1AE50C5F003B9F16 /* dog.png in Resources */,
				8105CF491B19EE9700497C34 /* circle_blue.png in Resources */,
				8105CF4A1B19EE9700497C34 /* circle_green.png in Resources */,
				8101FC791AE50C5F003B9F16 /* background.jpg in Resources */,
				8105CF571B1A054E00497C34 /* 2@2x.png in Resources */,
				817072EF1AE6DF40007AA440 /* monopolyBoard.jpg in Resources */,
				8101FC7F1AE50C5F003B9F16 /* hat.png in Resources */,
				8101FC801AE50C5F003B9F16 /* horse.png in Resources */,
				8105CF561B1A054E00497C34 /* 1@2x.png in Resources */,
				8105CF581B1A054E00497C34 /* 3@2x.png in Resources */,
				8105CF591B1A054E00497C34 /* 4@2x.png in Resources */,
				8105CF5E1B1A054E00497C34 /* dong3@2x.png in Resources */,
				8105CF5D1B1A054E00497C34 /* dong2@2x.png in Resources */,
				8101FC451AE509DF003B9F16 /* LaunchScreen.xib in Resources */,
				8105CF5A1B1A054E00497C34 /* 5@2x.png in Resources */,
				8105CF4B1B19EE9700497C34 /* circle_orange.png in Resources */,
				8101FC421AE509DF003B9F16 /* Images.xcassets in Resources */,
				8105CF5C1B1A054E00497C34 /* dong1@2x.png in Resources */,
				8105CF4C1B19EE9700497C34 /* circle_yellow.png in Resources */,
				817072FD1AE6F051007AA440 /* MonopolySpaces.plist in Resources */,
				8101FC7A1AE50C5F003B9F16 /* monopoly-man.jpg in Resources */,
				8101FC7C1AE50C5F003B9F16 /* bullettrain.png in Resources */,
				8101FC811AE50C5F003B9F16 /* thimble.png in Resources */,
			);
			runOnlyForDeploymentPostprocessing = 0;
		};
		8101FC481AE509DF003B9F16 /* Resources */ = {
			isa = PBXResourcesBuildPhase;
			buildActionMask = 2147483647;
			files = (
			);
			runOnlyForDeploymentPostprocessing = 0;
		};
/* End PBXResourcesBuildPhase section */

/* Begin PBXSourcesBuildPhase section */
		8101FC2D1AE509DF003B9F16 /* Sources */ = {
			isa = PBXSourcesBuildPhase;
			buildActionMask = 2147483647;
			files = (
				814F4C6A1AFE9F0D00951EA7 /* TPKeyboardAvoidingScrollView.m in Sources */,
				814366A01AEEEA9800BFD388 /* MNPGameManager.m in Sources */,
				8101FC781AE50C5F003B9F16 /* AppDelegate.m in Sources */,
				817072ED1AE6D083007AA440 /* MNPPlayer.m in Sources */,
				814F4C6C1AFE9F0D00951EA7 /* UIScrollView+TPKeyboardAvoidingAdditions.m in Sources */,
				819A79A81AF029C50092594B /* MNPConstants.m in Sources */,
				8101FC891AE51913003B9F16 /* MNPSettingsViewController.m in Sources */,
				817072F31AE6E475007AA440 /* MNPDice.m in Sources */,
				8101FC8D1AE519DB003B9F16 /* MNPAboutUsViewController.m in Sources */,
				8101FC851AE50EF1003B9F16 /* MNPMenuViewController.m in Sources */,
				814F4C6B1AFE9F0D00951EA7 /* TPKeyboardAvoidingTableView.m in Sources */,
				8101FC371AE509DF003B9F16 /* main.m in Sources */,
				814366A41AEEEBC700BFD388 /* MNPGameViewController.m in Sources */,
				814F4C691AFE9F0D00951EA7 /* TPKeyboardAvoidingCollectionView.m in Sources */,
				8143669D1AEEEA8300BFD388 /* MNPDataManager.m in Sources */,
			);
			runOnlyForDeploymentPostprocessing = 0;
		};
		8101FC461AE509DF003B9F16 /* Sources */ = {
			isa = PBXSourcesBuildPhase;
			buildActionMask = 2147483647;
			files = (
				8101FC511AE509DF003B9F16 /* MonopolyTests.m in Sources */,
			);
			runOnlyForDeploymentPostprocessing = 0;
		};
/* End PBXSourcesBuildPhase section */

/* Begin PBXTargetDependency section */
		8101FC4C1AE509DF003B9F16 /* PBXTargetDependency */ = {
			isa = PBXTargetDependency;
			target = 8101FC301AE509DF003B9F16 /* Monopoly */;
			targetProxy = 8101FC4B1AE509DF003B9F16 /* PBXContainerItemProxy */;
		};
/* End PBXTargetDependency section */

/* Begin PBXVariantGroup section */
		8101FC3E1AE509DF003B9F16 /* Main.storyboard */ = {
			isa = PBXVariantGroup;
			children = (
				8101FC3F1AE509DF003B9F16 /* Base */,
			);
			name = Main.storyboard;
			sourceTree = "<group>";
		};
		8101FC431AE509DF003B9F16 /* LaunchScreen.xib */ = {
			isa = PBXVariantGroup;
			children = (
				8101FC441AE509DF003B9F16 /* Base */,
			);
			name = LaunchScreen.xib;
			sourceTree = "<group>";
		};
/* End PBXVariantGroup section */

/* Begin XCBuildConfiguration section */
		8101FC521AE509DF003B9F16 /* Debug */ = {
			isa = XCBuildConfiguration;
			buildSettings = {
				ALWAYS_SEARCH_USER_PATHS = NO;
				CLANG_CXX_LANGUAGE_STANDARD = "gnu++0x";
				CLANG_CXX_LIBRARY = "libc++";
				CLANG_ENABLE_MODULES = YES;
				CLANG_ENABLE_OBJC_ARC = YES;
				CLANG_WARN_BOOL_CONVERSION = YES;
				CLANG_WARN_CONSTANT_CONVERSION = YES;
				CLANG_WARN_DIRECT_OBJC_ISA_USAGE = YES_ERROR;
				CLANG_WARN_EMPTY_BODY = YES;
				CLANG_WARN_ENUM_CONVERSION = YES;
				CLANG_WARN_INT_CONVERSION = YES;
				CLANG_WARN_OBJC_ROOT_CLASS = YES_ERROR;
				CLANG_WARN_UNREACHABLE_CODE = YES;
				CLANG_WARN__DUPLICATE_METHOD_MATCH = YES;
				"CODE_SIGN_IDENTITY[sdk=iphoneos*]" = "iPhone Developer";
				COPY_PHASE_STRIP = NO;
				DEBUG_INFORMATION_FORMAT = "dwarf-with-dsym";
				ENABLE_STRICT_OBJC_MSGSEND = YES;
				GCC_C_LANGUAGE_STANDARD = gnu99;
				GCC_DYNAMIC_NO_PIC = NO;
				GCC_NO_COMMON_BLOCKS = YES;
				GCC_OPTIMIZATION_LEVEL = 0;
				GCC_PREPROCESSOR_DEFINITIONS = (
					"DEBUG=1",
					"$(inherited)",
				);
				GCC_SYMBOLS_PRIVATE_EXTERN = NO;
				GCC_WARN_64_TO_32_BIT_CONVERSION = YES;
				GCC_WARN_ABOUT_RETURN_TYPE = YES_ERROR;
				GCC_WARN_UNDECLARED_SELECTOR = YES;
				GCC_WARN_UNINITIALIZED_AUTOS = YES_AGGRESSIVE;
				GCC_WARN_UNUSED_FUNCTION = YES;
				GCC_WARN_UNUSED_VARIABLE = YES;
				IPHONEOS_DEPLOYMENT_TARGET = 8.3;
				MTL_ENABLE_DEBUG_INFO = YES;
				ONLY_ACTIVE_ARCH = YES;
				PROVISIONING_PROFILE = "";
				SDKROOT = iphoneos;
				TARGETED_DEVICE_FAMILY = 2;
			};
			name = Debug;
		};
		8101FC531AE509DF003B9F16 /* Release */ = {
			isa = XCBuildConfiguration;
			buildSettings = {
				ALWAYS_SEARCH_USER_PATHS = NO;
				CLANG_CXX_LANGUAGE_STANDARD = "gnu++0x";
				CLANG_CXX_LIBRARY = "libc++";
				CLANG_ENABLE_MODULES = YES;
				CLANG_ENABLE_OBJC_ARC = YES;
				CLANG_WARN_BOOL_CONVERSION = YES;
				CLANG_WARN_CONSTANT_CONVERSION = YES;
				CLANG_WARN_DIRECT_OBJC_ISA_USAGE = YES_ERROR;
				CLANG_WARN_EMPTY_BODY = YES;
				CLANG_WARN_ENUM_CONVERSION = YES;
				CLANG_WARN_INT_CONVERSION = YES;
				CLANG_WARN_OBJC_ROOT_CLASS = YES_ERROR;
				CLANG_WARN_UNREACHABLE_CODE = YES;
				CLANG_WARN__DUPLICATE_METHOD_MATCH = YES;
				"CODE_SIGN_IDENTITY[sdk=iphoneos*]" = "iPhone Developer";
				COPY_PHASE_STRIP = NO;
				DEBUG_INFORMATION_FORMAT = "dwarf-with-dsym";
				ENABLE_NS_ASSERTIONS = NO;
				ENABLE_STRICT_OBJC_MSGSEND = YES;
				GCC_C_LANGUAGE_STANDARD = gnu99;
				GCC_NO_COMMON_BLOCKS = YES;
				GCC_WARN_64_TO_32_BIT_CONVERSION = YES;
				GCC_WARN_ABOUT_RETURN_TYPE = YES_ERROR;
				GCC_WARN_UNDECLARED_SELECTOR = YES;
				GCC_WARN_UNINITIALIZED_AUTOS = YES_AGGRESSIVE;
				GCC_WARN_UNUSED_FUNCTION = YES;
				GCC_WARN_UNUSED_VARIABLE = YES;
				IPHONEOS_DEPLOYMENT_TARGET = 8.3;
				MTL_ENABLE_DEBUG_INFO = NO;
				PROVISIONING_PROFILE = "";
				SDKROOT = iphoneos;
				TARGETED_DEVICE_FAMILY = 2;
				VALIDATE_PRODUCT = YES;
			};
			name = Release;
		};
		8101FC551AE509DF003B9F16 /* Debug */ = {
			isa = XCBuildConfiguration;
			buildSettings = {
				ASSETCATALOG_COMPILER_APPICON_NAME = AppIcon;
				CODE_SIGN_IDENTITY = "iPhone Developer: Dmitry Hmyza (4AMJX9TKDS)";
				"CODE_SIGN_IDENTITY[sdk=iphoneos*]" = "iPhone Developer: Dmitry Hmyza (4AMJX9TKDS)";
				INFOPLIST_FILE = Monopoly/Info.plist;
				IPHONEOS_DEPLOYMENT_TARGET = 7.1;
				LD_RUNPATH_SEARCH_PATHS = "$(inherited) @executable_path/Frameworks";
				PRODUCT_NAME = "$(TARGET_NAME)";
				PROVISIONING_PROFILE = "516da2ab-6847-4a01-9921-dcc37b7fd999";
			};
			name = Debug;
		};
		8101FC561AE509DF003B9F16 /* Release */ = {
			isa = XCBuildConfiguration;
			buildSettings = {
				ASSETCATALOG_COMPILER_APPICON_NAME = AppIcon;
				CODE_SIGN_IDENTITY = "iPhone Developer: Dmitry Hmyza (4AMJX9TKDS)";
				"CODE_SIGN_IDENTITY[sdk=iphoneos*]" = "iPhone Developer: Dmitry Hmyza (4AMJX9TKDS)";
				INFOPLIST_FILE = Monopoly/Info.plist;
				IPHONEOS_DEPLOYMENT_TARGET = 7.1;
				LD_RUNPATH_SEARCH_PATHS = "$(inherited) @executable_path/Frameworks";
				PRODUCT_NAME = "$(TARGET_NAME)";
				PROVISIONING_PROFILE = "516da2ab-6847-4a01-9921-dcc37b7fd999";
			};
			name = Release;
		};
		8101FC581AE509DF003B9F16 /* Debug */ = {
			isa = XCBuildConfiguration;
			buildSettings = {
				BUNDLE_LOADER = "$(TEST_HOST)";
				FRAMEWORK_SEARCH_PATHS = (
					"$(SDKROOT)/Developer/Library/Frameworks",
					"$(inherited)",
				);
				GCC_PREPROCESSOR_DEFINITIONS = (
					"DEBUG=1",
					"$(inherited)",
				);
				INFOPLIST_FILE = MonopolyTests/Info.plist;
				LD_RUNPATH_SEARCH_PATHS = "$(inherited) @executable_path/Frameworks @loader_path/Frameworks";
				PRODUCT_NAME = "$(TARGET_NAME)";
				TEST_HOST = "$(BUILT_PRODUCTS_DIR)/Monopoly.app/Monopoly";
			};
			name = Debug;
		};
		8101FC591AE509DF003B9F16 /* Release */ = {
			isa = XCBuildConfiguration;
			buildSettings = {
				BUNDLE_LOADER = "$(TEST_HOST)";
				FRAMEWORK_SEARCH_PATHS = (
					"$(SDKROOT)/Developer/Library/Frameworks",
					"$(inherited)",
				);
				INFOPLIST_FILE = MonopolyTests/Info.plist;
				LD_RUNPATH_SEARCH_PATHS = "$(inherited) @executable_path/Frameworks @loader_path/Frameworks";
				PRODUCT_NAME = "$(TARGET_NAME)";
				TEST_HOST = "$(BUILT_PRODUCTS_DIR)/Monopoly.app/Monopoly";
			};
			name = Release;
		};
/* End XCBuildConfiguration section */

/* Begin XCConfigurationList section */
		8101FC2C1AE509DF003B9F16 /* Build configuration list for PBXProject "Monopoly" */ = {
			isa = XCConfigurationList;
			buildConfigurations = (
				8101FC521AE509DF003B9F16 /* Debug */,
				8101FC531AE509DF003B9F16 /* Release */,
			);
			defaultConfigurationIsVisible = 0;
			defaultConfigurationName = Release;
		};
		8101FC541AE509DF003B9F16 /* Build configuration list for PBXNativeTarget "Monopoly" */ = {
			isa = XCConfigurationList;
			buildConfigurations = (
				8101FC551AE509DF003B9F16 /* Debug */,
				8101FC561AE509DF003B9F16 /* Release */,
			);
			defaultConfigurationIsVisible = 0;
			defaultConfigurationName = Release;
		};
		8101FC571AE509DF003B9F16 /* Build configuration list for PBXNativeTarget "MonopolyTests" */ = {
			isa = XCConfigurationList;
			buildConfigurations = (
				8101FC581AE509DF003B9F16 /* Debug */,
				8101FC591AE509DF003B9F16 /* Release */,
			);
			defaultConfigurationIsVisible = 0;
			defaultConfigurationName = Release;
		};
/* End XCConfigurationList section */
	};
	rootObject = 8101FC291AE509DF003B9F16 /* Project object */;
}
